
Microsoft Visual Studio Solution File, Format Version 12.00
# Visual Studio Version 17
VisualStudioVersion = 17.5.002.0
MinimumVisualStudioVersion = 10.0.40219.1
Project("{9A19103F-16F7-4668-BE54-9A1E7A4F7556}") = "frontend", "frontend\frontend.csproj", "{3856E767-CD94-4065-AAD7-0DD3805E231D}"
EndProject
Project("{9A19103F-16F7-4668-BE54-9A1E7A4F7556}") = "api", "api\api.csproj", "{BE68F03E-7F7C-4D62-9FD9-1F1695BB8FE0}"
EndProject
Global
	GlobalSection(SolutionConfigurationPlatforms) = preSolution
		Debug|Any CPU = Debug|Any CPU
		Release|Any CPU = Release|Any CPU
	EndGlobalSection
	GlobalSection(ProjectConfigurationPlatforms) = postSolution
		{3856E767-CD94-4065-AAD7-0DD3805E231D}.Debug|Any CPU.ActiveCfg = Debug|Any CPU
		{3856E767-CD94-4065-AAD7-0DD3805E231D}.Debug|Any CPU.Build.0 = Debug|Any CPU
		{3856E767-CD94-4065-AAD7-0DD3805E231D}.Release|Any CPU.ActiveCfg = Release|Any CPU
		{3856E767-CD94-4065-AAD7-0DD3805E231D}.Release|Any CPU.Build.0 = Release|Any CPU
		{BE68F03E-7F7C-4D62-9FD9-1F1695BB8FE0}.Debug|Any CPU.ActiveCfg = Debug|Any CPU
		{BE68F03E-7F7C-4D62-9FD9-1F1695BB8FE0}.Debug|Any CPU.Build.0 = Debug|Any CPU
		{BE68F03E-7F7C-4D62-9FD9-1F1695BB8FE0}.Release|Any CPU.ActiveCfg = Release|Any CPU
		{BE68F03E-7F7C-4D62-9FD9-1F1695BB8FE0}.Release|Any CPU.Build.0 = Release|Any CPU
	EndGlobalSection
	GlobalSection(SolutionProperties) = preSolution
		HideSolutionNode = FALSE
	EndGlobalSection
	GlobalSection(ExtensibilityGlobals) = postSolution
		SolutionGuid = {3DE904C1-C2CF-4733-96C2-2535F36B94A3}
	EndGlobalSection
EndGlobal
